
Microsoft Visual Studio Solution File, Format Version 12.00
# Visual Studio Version 16
VisualStudioVersion = 16.0.29025.244
MinimumVisualStudioVersion = 10.0.40219.1
Project("{FAE04EC0-301F-11D3-BF4B-00C04F79EFBC}") = "01 Learn ConsoleApp", "Learn ConsoleApp\01 Learn ConsoleApp.csproj", "{58B03FD6-AC5C-4470-8BAA-5BF73AF52FAA}"
EndProject
Project("{FAE04EC0-301F-11D3-BF4B-00C04F79EFBC}") = "Learn WindowsFormsApp", "Learn WindowsFormsApp\Learn WindowsFormsApp.csproj", "{81827E2B-845F-4D81-8E24-AE5E24862784}"
EndProject
Project("{FAE04EC0-301F-11D3-BF4B-00C04F79EFBC}") = "99 ReadXML", "ReadXML\99 ReadXML.csproj", "{919037D4-69DF-4345-A6CB-E1A205BDD665}"
EndProject
Project("{FAE04EC0-301F-11D3-BF4B-00C04F79EFBC}") = "02 If Statements", "If Statements\02 If Statements.csproj", "{3A6125F7-7397-42BC-B3A2-FD7FC5F518C5}"
EndProject
Project("{FAE04EC0-301F-11D3-BF4B-00C04F79EFBC}") = "03 Building a better calculator", "Building a better calculator\03 Building a better calculator.csproj", "{BFBA13E7-252F-4A92-8AD7-9708A8EADAB3}"
EndProject
Project("{FAE04EC0-301F-11D3-BF4B-00C04F79EFBC}") = "04 Switch Statement", "4 Switch Statement\04 Switch Statement.csproj", "{7104273E-6A4C-4BB1-A373-B4F6E1C2183C}"
EndProject
Project("{FAE04EC0-301F-11D3-BF4B-00C04F79EFBC}") = "05 While Loops", "5 While Loops\05 While Loops.csproj", "{13EE1761-72B2-4462-A678-3A8D1E7863CE}"
EndProject
Project("{FAE04EC0-301F-11D3-BF4B-00C04F79EFBC}") = "06 Building a Guessing Game", "6 Building a Guessing Game\06 Building a Guessing Game.csproj", "{306553E8-027C-439C-BC0D-A971794D3511}"
EndProject
Project("{FAE04EC0-301F-11D3-BF4B-00C04F79EFBC}") = "07 For Loops", "7 For Loops\07 For Loops.csproj", "{64D7F8C9-FBDD-42A8-8E87-79ED69CDBD25}"
EndProject
Project("{FAE04EC0-301F-11D3-BF4B-00C04F79EFBC}") = "08 Building an Exponent Method", "8 Building an Exponent Method\08 Building an Exponent Method.csproj", "{071FA96B-B835-4790-A941-6D619156497C}"
EndProject
Project("{FAE04EC0-301F-11D3-BF4B-00C04F79EFBC}") = "09 2d Arrays", "2d Arrays\09 2d Arrays.csproj", "{7039D100-C7BC-4819-B9E4-78551078B945}"
EndProject
Project("{FAE04EC0-301F-11D3-BF4B-00C04F79EFBC}") = "10 - Coments", "10 - Coments\10 - Coments.csproj", "{21C6E44E-F723-4C64-AFF9-87FCBDA22163}"
EndProject
Project("{FAE04EC0-301F-11D3-BF4B-00C04F79EFBC}") = "11 Exception Hanling", "11 Exception Hanling\11 Exception Hanling.csproj", "{0303C7B1-6DCF-48F8-B8B8-CDF4C7416BB9}"
EndProject
Project("{FAE04EC0-301F-11D3-BF4B-00C04F79EFBC}") = "12 Classes amd Objects", "12 Classes amd Objects\12 Classes amd Objects.csproj", "{14335C7D-B510-4207-9222-61DA48230B0D}"
EndProject
Project("{FAE04EC0-301F-11D3-BF4B-00C04F79EFBC}") = "13 constructors", "13 constructors\13 constructors.csproj", "{B726EBCE-3533-4EC8-8091-344DCB3354F4}"
EndProject
Project("{FAE04EC0-301F-11D3-BF4B-00C04F79EFBC}") = "14 Object Methods", "14 Object Methods\14 Object Methods.csproj", "{A6D73CA1-58CB-46B2-95CA-C76D4A55D7CF}"
EndProject
Project("{FAE04EC0-301F-11D3-BF4B-00C04F79EFBC}") = "15 Getters and Setters", "15 Getters and Setters\15 Getters and Setters.csproj", "{C0D4DE5C-B6D1-4C22-B0C8-9029817485B4}"
EndProject
Project("{FAE04EC0-301F-11D3-BF4B-00C04F79EFBC}") = "16 Static Class Attributes", "16 Static Class Attributes\16 Static Class Attributes.csproj", "{6A3E7F28-F001-4618-B7DD-465B88C178A8}"
EndProject
Project("{FAE04EC0-301F-11D3-BF4B-00C04F79EFBC}") = "17 Static Methods and Classes", "17 Static Methods and Classes\17 Static Methods and Classes.csproj", "{F2319A3E-BD8D-41D3-8A19-4A9D1E20554E}"
EndProject
Global
	GlobalSection(SolutionConfigurationPlatforms) = preSolution
		Debug|Any CPU = Debug|Any CPU
		Release|Any CPU = Release|Any CPU
	EndGlobalSection
	GlobalSection(ProjectConfigurationPlatforms) = postSolution
		{58B03FD6-AC5C-4470-8BAA-5BF73AF52FAA}.Debug|Any CPU.ActiveCfg = Debug|Any CPU
		{58B03FD6-AC5C-4470-8BAA-5BF73AF52FAA}.Debug|Any CPU.Build.0 = Debug|Any CPU
		{58B03FD6-AC5C-4470-8BAA-5BF73AF52FAA}.Release|Any CPU.ActiveCfg = Release|Any CPU
		{58B03FD6-AC5C-4470-8BAA-5BF73AF52FAA}.Release|Any CPU.Build.0 = Release|Any CPU
		{81827E2B-845F-4D81-8E24-AE5E24862784}.Debug|Any CPU.ActiveCfg = Debug|Any CPU
		{81827E2B-845F-4D81-8E24-AE5E24862784}.Debug|Any CPU.Build.0 = Debug|Any CPU
		{81827E2B-845F-4D81-8E24-AE5E24862784}.Release|Any CPU.ActiveCfg = Release|Any CPU
		{81827E2B-845F-4D81-8E24-AE5E24862784}.Release|Any CPU.Build.0 = Release|Any CPU
		{919037D4-69DF-4345-A6CB-E1A205BDD665}.Debug|Any CPU.ActiveCfg = Debug|Any CPU
		{919037D4-69DF-4345-A6CB-E1A205BDD665}.Debug|Any CPU.Build.0 = Debug|Any CPU
		{919037D4-69DF-4345-A6CB-E1A205BDD665}.Release|Any CPU.ActiveCfg = Release|Any CPU
		{919037D4-69DF-4345-A6CB-E1A205BDD665}.Release|Any CPU.Build.0 = Release|Any CPU
		{3A6125F7-7397-42BC-B3A2-FD7FC5F518C5}.Debug|Any CPU.ActiveCfg = Debug|Any CPU
		{3A6125F7-7397-42BC-B3A2-FD7FC5F518C5}.Debug|Any CPU.Build.0 = Debug|Any CPU
		{3A6125F7-7397-42BC-B3A2-FD7FC5F518C5}.Release|Any CPU.ActiveCfg = Release|Any CPU
		{3A6125F7-7397-42BC-B3A2-FD7FC5F518C5}.Release|Any CPU.Build.0 = Release|Any CPU
		{BFBA13E7-252F-4A92-8AD7-9708A8EADAB3}.Debug|Any CPU.ActiveCfg = Debug|Any CPU
		{BFBA13E7-252F-4A92-8AD7-9708A8EADAB3}.Debug|Any CPU.Build.0 = Debug|Any CPU
		{BFBA13E7-252F-4A92-8AD7-9708A8EADAB3}.Release|Any CPU.ActiveCfg = Release|Any CPU
		{BFBA13E7-252F-4A92-8AD7-9708A8EADAB3}.Release|Any CPU.Build.0 = Release|Any CPU
		{7104273E-6A4C-4BB1-A373-B4F6E1C2183C}.Debug|Any CPU.ActiveCfg = Debug|Any CPU
		{7104273E-6A4C-4BB1-A373-B4F6E1C2183C}.Debug|Any CPU.Build.0 = Debug|Any CPU
		{7104273E-6A4C-4BB1-A373-B4F6E1C2183C}.Release|Any CPU.ActiveCfg = Release|Any CPU
		{7104273E-6A4C-4BB1-A373-B4F6E1C2183C}.Release|Any CPU.Build.0 = Release|Any CPU
		{13EE1761-72B2-4462-A678-3A8D1E7863CE}.Debug|Any CPU.ActiveCfg = Debug|Any CPU
		{13EE1761-72B2-4462-A678-3A8D1E7863CE}.Debug|Any CPU.Build.0 = Debug|Any CPU
		{13EE1761-72B2-4462-A678-3A8D1E7863CE}.Release|Any CPU.ActiveCfg = Release|Any CPU
		{13EE1761-72B2-4462-A678-3A8D1E7863CE}.Release|Any CPU.Build.0 = Release|Any CPU
		{306553E8-027C-439C-BC0D-A971794D3511}.Debug|Any CPU.ActiveCfg = Debug|Any CPU
		{306553E8-027C-439C-BC0D-A971794D3511}.Debug|Any CPU.Build.0 = Debug|Any CPU
		{306553E8-027C-439C-BC0D-A971794D3511}.Release|Any CPU.ActiveCfg = Release|Any CPU
		{306553E8-027C-439C-BC0D-A971794D3511}.Release|Any CPU.Build.0 = Release|Any CPU
		{64D7F8C9-FBDD-42A8-8E87-79ED69CDBD25}.Debug|Any CPU.ActiveCfg = Debug|Any CPU
		{64D7F8C9-FBDD-42A8-8E87-79ED69CDBD25}.Debug|Any CPU.Build.0 = Debug|Any CPU
		{64D7F8C9-FBDD-42A8-8E87-79ED69CDBD25}.Release|Any CPU.ActiveCfg = Release|Any CPU
		{64D7F8C9-FBDD-42A8-8E87-79ED69CDBD25}.Release|Any CPU.Build.0 = Release|Any CPU
		{071FA96B-B835-4790-A941-6D619156497C}.Debug|Any CPU.ActiveCfg = Debug|Any CPU
		{071FA96B-B835-4790-A941-6D619156497C}.Debug|Any CPU.Build.0 = Debug|Any CPU
		{071FA96B-B835-4790-A941-6D619156497C}.Release|Any CPU.ActiveCfg = Release|Any CPU
		{071FA96B-B835-4790-A941-6D619156497C}.Release|Any CPU.Build.0 = Release|Any CPU
		{7039D100-C7BC-4819-B9E4-78551078B945}.Debug|Any CPU.ActiveCfg = Debug|Any CPU
		{7039D100-C7BC-4819-B9E4-78551078B945}.Debug|Any CPU.Build.0 = Debug|Any CPU
		{7039D100-C7BC-4819-B9E4-78551078B945}.Release|Any CPU.ActiveCfg = Release|Any CPU
		{7039D100-C7BC-4819-B9E4-78551078B945}.Release|Any CPU.Build.0 = Release|Any CPU
		{21C6E44E-F723-4C64-AFF9-87FCBDA22163}.Debug|Any CPU.ActiveCfg = Debug|Any CPU
		{21C6E44E-F723-4C64-AFF9-87FCBDA22163}.Debug|Any CPU.Build.0 = Debug|Any CPU
		{21C6E44E-F723-4C64-AFF9-87FCBDA22163}.Release|Any CPU.ActiveCfg = Release|Any CPU
		{21C6E44E-F723-4C64-AFF9-87FCBDA22163}.Release|Any CPU.Build.0 = Release|Any CPU
		{0303C7B1-6DCF-48F8-B8B8-CDF4C7416BB9}.Debug|Any CPU.ActiveCfg = Debug|Any CPU
		{0303C7B1-6DCF-48F8-B8B8-CDF4C7416BB9}.Debug|Any CPU.Build.0 = Debug|Any CPU
		{0303C7B1-6DCF-48F8-B8B8-CDF4C7416BB9}.Release|Any CPU.ActiveCfg = Release|Any CPU
		{0303C7B1-6DCF-48F8-B8B8-CDF4C7416BB9}.Release|Any CPU.Build.0 = Release|Any CPU
		{14335C7D-B510-4207-9222-61DA48230B0D}.Debug|Any CPU.ActiveCfg = Debug|Any CPU
		{14335C7D-B510-4207-9222-61DA48230B0D}.Debug|Any CPU.Build.0 = Debug|Any CPU
		{14335C7D-B510-4207-9222-61DA48230B0D}.Release|Any CPU.ActiveCfg = Release|Any CPU
		{14335C7D-B510-4207-9222-61DA48230B0D}.Release|Any CPU.Build.0 = Release|Any CPU
		{B726EBCE-3533-4EC8-8091-344DCB3354F4}.Debug|Any CPU.ActiveCfg = Debug|Any CPU
		{B726EBCE-3533-4EC8-8091-344DCB3354F4}.Debug|Any CPU.Build.0 = Debug|Any CPU
		{B726EBCE-3533-4EC8-8091-344DCB3354F4}.Release|Any CPU.ActiveCfg = Release|Any CPU
		{B726EBCE-3533-4EC8-8091-344DCB3354F4}.Release|Any CPU.Build.0 = Release|Any CPU
		{A6D73CA1-58CB-46B2-95CA-C76D4A55D7CF}.Debug|Any CPU.ActiveCfg = Debug|Any CPU
		{A6D73CA1-58CB-46B2-95CA-C76D4A55D7CF}.Debug|Any CPU.Build.0 = Debug|Any CPU
		{A6D73CA1-58CB-46B2-95CA-C76D4A55D7CF}.Release|Any CPU.ActiveCfg = Release|Any CPU
		{A6D73CA1-58CB-46B2-95CA-C76D4A55D7CF}.Release|Any CPU.Build.0 = Release|Any CPU
		{C0D4DE5C-B6D1-4C22-B0C8-9029817485B4}.Debug|Any CPU.ActiveCfg = Debug|Any CPU
		{C0D4DE5C-B6D1-4C22-B0C8-9029817485B4}.Debug|Any CPU.Build.0 = Debug|Any CPU
		{C0D4DE5C-B6D1-4C22-B0C8-9029817485B4}.Release|Any CPU.ActiveCfg = Release|Any CPU
		{C0D4DE5C-B6D1-4C22-B0C8-9029817485B4}.Release|Any CPU.Build.0 = Release|Any CPU
		{6A3E7F28-F001-4618-B7DD-465B88C178A8}.Debug|Any CPU.ActiveCfg = Debug|Any CPU
		{6A3E7F28-F001-4618-B7DD-465B88C178A8}.Debug|Any CPU.Build.0 = Debug|Any CPU
		{6A3E7F28-F001-4618-B7DD-465B88C178A8}.Release|Any CPU.ActiveCfg = Release|Any CPU
		{6A3E7F28-F001-4618-B7DD-465B88C178A8}.Release|Any CPU.Build.0 = Release|Any CPU
		{F2319A3E-BD8D-41D3-8A19-4A9D1E20554E}.Debug|Any CPU.ActiveCfg = Debug|Any CPU
		{F2319A3E-BD8D-41D3-8A19-4A9D1E20554E}.Debug|Any CPU.Build.0 = Debug|Any CPU
		{F2319A3E-BD8D-41D3-8A19-4A9D1E20554E}.Release|Any CPU.ActiveCfg = Release|Any CPU
		{F2319A3E-BD8D-41D3-8A19-4A9D1E20554E}.Release|Any CPU.Build.0 = Release|Any CPU
	EndGlobalSection
	GlobalSection(SolutionProperties) = preSolution
		HideSolutionNode = FALSE
	EndGlobalSection
	GlobalSection(ExtensibilityGlobals) = postSolution
		SolutionGuid = {287021F2-71F0-4684-B551-C703049E5684}
	EndGlobalSection
EndGlobal
