
Microsoft Visual Studio Solution File, Format Version 12.00
# Visual Studio Version 16
VisualStudioVersion = 16.0.29025.244
MinimumVisualStudioVersion = 10.0.40219.1
Project("{FAE04EC0-301F-11D3-BF4B-00C04F79EFBC}") = "Learn ConsoleApp", "Learn ConsoleApp\Learn ConsoleApp.csproj", "{58B03FD6-AC5C-4470-8BAA-5BF73AF52FAA}"
EndProject
Global
	GlobalSection(SolutionConfigurationPlatforms) = preSolution
		Debug|Any CPU = Debug|Any CPU
		Release|Any CPU = Release|Any CPU
	EndGlobalSection
	GlobalSection(ProjectConfigurationPlatforms) = postSolution
		{58B03FD6-AC5C-4470-8BAA-5BF73AF52FAA}.Debug|Any CPU.ActiveCfg = Debug|Any CPU
		{58B03FD6-AC5C-4470-8BAA-5BF73AF52FAA}.Debug|Any CPU.Build.0 = Debug|Any CPU
		{58B03FD6-AC5C-4470-8BAA-5BF73AF52FAA}.Release|Any CPU.ActiveCfg = Release|Any CPU
		{58B03FD6-AC5C-4470-8BAA-5BF73AF52FAA}.Release|Any CPU.Build.0 = Release|Any CPU
	EndGlobalSection
	GlobalSection(SolutionProperties) = preSolution
		HideSolutionNode = FALSE
	EndGlobalSection
	GlobalSection(ExtensibilityGlobals) = postSolution
		SolutionGuid = {287021F2-71F0-4684-B551-C703049E5684}
	EndGlobalSection
EndGlobal
